
Microsoft Visual Studio Solution File, Format Version 12.00
# Visual Studio 14
VisualStudioVersion = 14.0.24720.0
MinimumVisualStudioVersion = 10.0.40219.1
Project("{FAE04EC0-301F-11D3-BF4B-00C04F79EFBC}") = "SpringSignalRServer", "SpringSignalRServer\SpringSignalRServer.csproj", "{E4BD871F-69DE-43A6-A80A-B906EB94E480}"
EndProject
Project("{BE0A4C86-FC82-4F70-8ED6-D24C8B13E7BF}") = "JavaBridge", "ClassLibrary1\JavaBridge.javaproj", "{99386F7E-77FF-421A-9396-C934F9C631B6}"
EndProject
Global
	GlobalSection(SolutionConfigurationPlatforms) = preSolution
		Debug|Any CPU = Debug|Any CPU
		Release|Any CPU = Release|Any CPU
	EndGlobalSection
	GlobalSection(ProjectConfigurationPlatforms) = postSolution
		{E4BD871F-69DE-43A6-A80A-B906EB94E480}.Debug|Any CPU.ActiveCfg = Debug|Any CPU
		{E4BD871F-69DE-43A6-A80A-B906EB94E480}.Debug|Any CPU.Build.0 = Debug|Any CPU
		{E4BD871F-69DE-43A6-A80A-B906EB94E480}.Release|Any CPU.ActiveCfg = Release|Any CPU
		{E4BD871F-69DE-43A6-A80A-B906EB94E480}.Release|Any CPU.Build.0 = Release|Any CPU
		{99386F7E-77FF-421A-9396-C934F9C631B6}.Debug|Any CPU.ActiveCfg = Debug|Any CPU
		{99386F7E-77FF-421A-9396-C934F9C631B6}.Debug|Any CPU.Build.0 = Debug|Any CPU
		{99386F7E-77FF-421A-9396-C934F9C631B6}.Release|Any CPU.ActiveCfg = Release|Any CPU
		{99386F7E-77FF-421A-9396-C934F9C631B6}.Release|Any CPU.Build.0 = Release|Any CPU
	EndGlobalSection
	GlobalSection(SolutionProperties) = preSolution
		HideSolutionNode = FALSE
	EndGlobalSection
EndGlobal
